{
  "name": "chatapp",
  "lockfileVersion": 3,
  "requires": true,
  "packages": {
    "": {
      "dependencies": {
        "emoji-picker-element": "^1.27.0"
      }
    },
    "node_modules/emoji-picker-element": {
      "version": "1.27.0",
      "resolved": "https://registry.npmjs.org/emoji-picker-element/-/emoji-picker-element-1.27.0.tgz",
      "integrity": "sha512-CeN9g5/kq41+BfYPDpAbE2ejZRHbs1faFDmU9+E9wGA4JWLkok9zo1hwcAFnUhV4lPR3ZuLHiJxNG1mpjoF4TQ==",
      "license": "Apache-2.0"
    }
  }
}
